{
  "requires": true,
  "lockfileVersion": 1,
  "dependencies": {
    "flow-bin": {
      "version": "0.112.0",
      "resolved": "https://registry.npm.taobao.org/flow-bin/download/flow-bin-0.112.0.tgz?cache=0&sync_timestamp=1573595735598&other_urls=https%3A%2F%2Fregistry.npm.taobao.org%2Fflow-bin%2Fdownload%2Fflow-bin-0.112.0.tgz",
      "integrity": "sha1-aiHDGTfEovI6dQBWo2TFmKleohY="
    }
  }
}
